// !$*UTF8*$!
{
	archiveVersion = 1;
	classes = {
	};
	objectVersion = 50;
	objects = {

/* Begin PBXBuildFile section */
		956F7BDC24F15E1700F53862 /* AppDelegate.swift in Sources */ = {isa = PBXBuildFile; fileRef = 956F7BDB24F15E1700F53862 /* AppDelegate.swift */; };
		956F7BDE24F15E1700F53862 /* SceneDelegate.swift in Sources */ = {isa = PBXBuildFile; fileRef = 956F7BDD24F15E1700F53862 /* SceneDelegate.swift */; };
		956F7BE024F15E1700F53862 /* ViewController.swift in Sources */ = {isa = PBXBuildFile; fileRef = 956F7BDF24F15E1700F53862 /* ViewController.swift */; };
		956F7BE324F15E1700F53862 /* Main.storyboard in Resources */ = {isa = PBXBuildFile; fileRef = 956F7BE124F15E1700F53862 /* Main.storyboard */; };
		956F7BE524F15E1800F53862 /* Assets.xcassets in Resources */ = {isa = PBXBuildFile; fileRef = 956F7BE424F15E1800F53862 /* Assets.xcassets */; };
		956F7BE824F15E1800F53862 /* LaunchScreen.storyboard in Resources */ = {isa = PBXBuildFile; fileRef = 956F7BE624F15E1800F53862 /* LaunchScreen.storyboard */; };
/* End PBXBuildFile section */

/* Begin PBXFileReference section */
		956F7BD824F15E1700F53862 /* SaveImageToFile.app */ = {isa = PBXFileReference; explicitFileType = wrapper.application; includeInIndex = 0; path = SaveImageToFile.app; sourceTree = BUILT_PRODUCTS_DIR; };
		956F7BDB24F15E1700F53862 /* AppDelegate.swift */ = {isa = PBXFileReference; lastKnownFileType = sourcecode.swift; path = AppDelegate.swift; sourceTree = "<group>"; };
		956F7BDD24F15E1700F53862 /* SceneDelegate.swift */ = {isa = PBXFileReference; lastKnownFileType = sourcecode.swift; path = SceneDelegate.swift; sourceTree = "<group>"; };
		956F7BDF24F15E1700F53862 /* ViewController.swift */ = {isa = PBXFileReference; lastKnownFileType = sourcecode.swift; path = ViewController.swift; sourceTree = "<group>"; };
		956F7BE224F15E1700F53862 /* Base */ = {isa = PBXFileReference; lastKnownFileType = file.storyboard; name = Base; path = Base.lproj/Main.storyboard; sourceTree = "<group>"; };
		956F7BE424F15E1800F53862 /* Assets.xcassets */ = {isa = PBXFileReference; lastKnownFileType = folder.assetcatalog; path = Assets.xcassets; sourceTree = "<group>"; };
		956F7BE724F15E1800F53862 /* Base */ = {isa = PBXFileReference; lastKnownFileType = file.storyboard; name = Base; path = Base.lproj/LaunchScreen.storyboard; sourceTree = "<group>"; };
		956F7BE924F15E1800F53862 /* Info.plist */ = {isa = PBXFileReference; lastKnownFileType = text.plist.xml; path = Info.plist; sourceTree = "<group>"; };
/* End PBXFileReference section */

/* Begin PBXFrameworksBuildPhase section */
		956F7BD524F15E1700F53862 /* Frameworks */ = {
			isa = PBXFrameworksBuildPhase;
			buildActionMask = 2147483647;
			files = (
			);
			runOnlyForDeploymentPostprocessing = 0;
		};
/* End PBXFrameworksBuildPhase section */

/* Begin PBXGroup section */
		956F7BCF24F15E1700F53862 = {
			isa = PBXGroup;
			children = (
				956F7BDA24F15E1700F53862 /* SaveImageToFile */,
				956F7BD924F15E1700F53862 /* Products */,
			);
			sourceTree = "<group>";
		};
		956F7BD924F15E1700F53862 /* Products */ = {
			isa = PBXGroup;
			children = (
				956F7BD824F15E1700F53862 /* SaveImageToFile.app */,
			);
			name = Products;
			sourceTree = "<group>";
		};
		956F7BDA24F15E1700F53862 /* SaveImageToFile */ = {
			isa = PBXGroup;
			children = (
				956F7BDB24F15E1700F53862 /* AppDelegate.swift */,
				956F7BDD24F15E1700F53862 /* SceneDelegate.swift */,
				956F7BDF24F15E1700F53862 /* ViewController.swift */,
				956F7BE124F15E1700F53862 /* Main.storyboard */,
				956F7BE424F15E1800F53862 /* Assets.xcassets */,
				956F7BE624F15E1800F53862 /* LaunchScreen.storyboard */,
				956F7BE924F15E1800F53862 /* Info.plist */,
			);
			path = SaveImageToFile;
			sourceTree = "<group>";
		};
/* End PBXGroup section */

/* Begin PBXNativeTarget section */
		956F7BD724F15E1700F53862 /* SaveImageToFile */ = {
			isa = PBXNativeTarget;
			buildConfigurationList = 956F7BEC24F15E1800F53862 /* Build configuration list for PBXNativeTarget "SaveImageToFile" */;
			buildPhases = (
				956F7BD424F15E1700F53862 /* Sources */,
				956F7BD524F15E1700F53862 /* Frameworks */,
				956F7BD624F15E1700F53862 /* Resources */,
			);
			buildRules = (
			);
			dependencies = (
			);
			name = SaveImageToFile;
			productName = SaveImageToFile;
			productReference = 956F7BD824F15E1700F53862 /* SaveImageToFile.app */;
			productType = "com.apple.product-type.application";
		};
/* End PBXNativeTarget section */

/* Begin PBXProject section */
		956F7BD024F15E1700F53862 /* Project object */ = {
			isa = PBXProject;
			attributes = {
				LastSwiftUpdateCheck = 1160;
				LastUpgradeCheck = 1160;
				ORGANIZATIONNAME = ProgrammingWithSwift;
				TargetAttributes = {
					956F7BD724F15E1700F53862 = {
						CreatedOnToolsVersion = 11.6;
					};
				};
			};
			buildConfigurationList = 956F7BD324F15E1700F53862 /* Build configuration list for PBXProject "SaveImageToFile" */;
			compatibilityVersion = "Xcode 9.3";
			developmentRegion = en;
			hasScannedForEncodings = 0;
			knownRegions = (
				en,
				Base,
			);
			mainGroup = 956F7BCF24F15E1700F53862;
			productRefGroup = 956F7BD924F15E1700F53862 /* Products */;
			projectDirPath = "";
			projectRoot = "";
			targets = (
				956F7BD724F15E1700F53862 /* SaveImageToFile */,
			);
		};
/* End PBXProject section */

/* Begin PBXResourcesBuildPhase section */
		956F7BD624F15E1700F53862 /* Resources */ = {
			isa = PBXResourcesBuildPhase;
			buildActionMask = 2147483647;
			files = (
				956F7BE824F15E1800F53862 /* LaunchScreen.storyboard in Resources */,
				956F7BE524F15E1800F53862 /* Assets.xcassets in Resources */,
				956F7BE324F15E1700F53862 /* Main.storyboard in Resources */,
			);
			runOnlyForDeploymentPostprocessing = 0;
		};
/* End PBXResourcesBuildPhase section */

/* Begin PBXSourcesBuildPhase section */
		956F7BD424F15E1700F53862 /* Sources */ = {
			isa = PBXSourcesBuildPhase;
			buildActionMask = 2147483647;
			files = (
				956F7BE024F15E1700F53862 /* ViewController.swift in Sources */,
				956F7BDC24F15E1700F53862 /* AppDelegate.swift in Sources */,
				956F7BDE24F15E1700F53862 /* SceneDelegate.swift in Sources */,
			);
			runOnlyForDeploymentPostprocessing = 0;
		};
/* End PBXSourcesBuildPhase section */

/* Begin PBXVariantGroup section */
		956F7BE124F15E1700F53862 /* Main.storyboard */ = {
			isa = PBXVariantGroup;
			children = (
				956F7BE224F15E1700F53862 /* Base */,
			);
			name = Main.storyboard;
			sourceTree = "<group>";
		};
		956F7BE624F15E1800F53862 /* LaunchScreen.storyboard */ = {
			isa = PBXVariantGroup;
			children = (
				956F7BE724F15E1800F53862 /* Base */,
			);
			name = LaunchScreen.storyboard;
			sourceTree = "<group>";
		};
/* End PBXVariantGroup section */

/* Begin XCBuildConfiguration section */
		956F7BEA24F15E1800F53862 /* Debug */ = {
			isa = XCBuildConfiguration;
			buildSettings = {
				ALWAYS_SEARCH_USER_PATHS = NO;
				CLANG_ANALYZER_NONNULL = YES;
				CLANG_ANALYZER_NUMBER_OBJECT_CONVERSION = YES_AGGRESSIVE;
				CLANG_CXX_LANGUAGE_STANDARD = "gnu++14";
				CLANG_CXX_LIBRARY = "libc++";
				CLANG_ENABLE_MODULES = YES;
				CLANG_ENABLE_OBJC_ARC = YES;
				CLANG_ENABLE_OBJC_WEAK = YES;
				CLANG_WARN_BLOCK_CAPTURE_AUTORELEASING = YES;
				CLANG_WARN_BOOL_CONVERSION = YES;
				CLANG_WARN_COMMA = YES;
				CLANG_WARN_CONSTANT_CONVERSION = YES;
				CLANG_WARN_DEPRECATED_OBJC_IMPLEMENTATIONS = YES;
				CLANG_WARN_DIRECT_OBJC_ISA_USAGE = YES_ERROR;
				CLANG_WARN_DOCUMENTATION_COMMENTS = YES;
				CLANG_WARN_EMPTY_BODY = YES;
				CLANG_WARN_ENUM_CONVERSION = YES;
				CLANG_WARN_INFINITE_RECURSION = YES;
				CLANG_WARN_INT_CONVERSION = YES;
				CLANG_WARN_NON_LITERAL_NULL_CONVERSION = YES;
				CLANG_WARN_OBJC_IMPLICIT_RETAIN_SELF = YES;
				CLANG_WARN_OBJC_LITERAL_CONVERSION = YES;
				CLANG_WARN_OBJC_ROOT_CLASS = YES_ERROR;
				CLANG_WARN_RANGE_LOOP_ANALYSIS = YES;
				CLANG_WARN_STRICT_PROTOTYPES = YES;
				CLANG_WARN_SUSPICIOUS_MOVE = YES;
				CLANG_WARN_UNGUARDED_AVAILABILITY = YES_AGGRESSIVE;
				CLANG_WARN_UNREACHABLE_CODE = YES;
				CLANG_WARN__DUPLICATE_METHOD_MATCH = YES;
				COPY_PHASE_STRIP = NO;
				DEBUG_INFORMATION_FORMAT = dwarf;
				ENABLE_STRICT_OBJC_MSGSEND = YES;
				ENABLE_TESTABILITY = YES;
				GCC_C_LANGUAGE_STANDARD = gnu11;
				GCC_DYNAMIC_NO_PIC = NO;
				GCC_NO_COMMON_BLOCKS = YES;
				GCC_OPTIMIZATION_LEVEL = 0;
				GCC_PREPROCESSOR_DEFINITIONS = (
					"DEBUG=1",
					"$(inherited)",
				);
				GCC_WARN_64_TO_32_BIT_CONVERSION = YES;
				GCC_WARN_ABOUT_RETURN_TYPE = YES_ERROR;
				GCC_WARN_UNDECLARED_SELECTOR = YES;
				GCC_WARN_UNINITIALIZED_AUTOS = YES_AGGRESSIVE;
				GCC_WARN_UNUSED_FUNCTION = YES;
				GCC_WARN_UNUSED_VARIABLE = YES;
				IPHONEOS_DEPLOYMENT_TARGET = 13.6;
				MTL_ENABLE_DEBUG_INFO = INCLUDE_SOURCE;
				MTL_FAST_MATH = YES;
				ONLY_ACTIVE_ARCH = YES;
				SDKROOT = iphoneos;
				SWIFT_ACTIVE_COMPILATION_CONDITIONS = DEBUG;
				SWIFT_OPTIMIZATION_LEVEL = "-Onone";
			};
			name = Debug;
		};
		956F7BEB24F15E1800F53862 /* Release */ = {
			isa = XCBuildConfiguration;
			buildSettings = {
				ALWAYS_SEARCH_USER_PATHS = NO;
				CLANG_ANALYZER_NONNULL = YES;
				CLANG_ANALYZER_NUMBER_OBJECT_CONVERSION = YES_AGGRESSIVE;
				CLANG_CXX_LANGUAGE_STANDARD = "gnu++14";
				CLANG_CXX_LIBRARY = "libc++";
				CLANG_ENABLE_MODULES = YES;
				CLANG_ENABLE_OBJC_ARC = YES;
				CLANG_ENABLE_OBJC_WEAK = YES;
				CLANG_WARN_BLOCK_CAPTURE_AUTORELEASING = YES;
				CLANG_WARN_BOOL_CONVERSION = YES;
				CLANG_WARN_COMMA = YES;
				CLANG_WARN_CONSTANT_CONVERSION = YES;
				CLANG_WARN_DEPRECATED_OBJC_IMPLEMENTATIONS = YES;
				CLANG_WARN_DIRECT_OBJC_ISA_USAGE = YES_ERROR;
				CLANG_WARN_DOCUMENTATION_COMMENTS = YES;
				CLANG_WARN_EMPTY_BODY = YES;
				CLANG_WARN_ENUM_CONVERSION = YES;
				CLANG_WARN_INFINITE_RECURSION = YES;
				CLANG_WARN_INT_CONVERSION = YES;
				CLANG_WARN_NON_LITERAL_NULL_CONVERSION = YES;
				CLANG_WARN_OBJC_IMPLICIT_RETAIN_SELF = YES;
				CLANG_WARN_OBJC_LITERAL_CONVERSION = YES;
				CLANG_WARN_OBJC_ROOT_CLASS = YES_ERROR;
				CLANG_WARN_RANGE_LOOP_ANALYSIS = YES;
				CLANG_WARN_STRICT_PROTOTYPES = YES;
				CLANG_WARN_SUSPICIOUS_MOVE = YES;
				CLANG_WARN_UNGUARDED_AVAILABILITY = YES_AGGRESSIVE;
				CLANG_WARN_UNREACHABLE_CODE = YES;
				CLANG_WARN__DUPLICATE_METHOD_MATCH = YES;
				COPY_PHASE_STRIP = NO;
				DEBUG_INFORMATION_FORMAT = "dwarf-with-dsym";
				ENABLE_NS_ASSERTIONS = NO;
				ENABLE_STRICT_OBJC_MSGSEND = YES;
				GCC_C_LANGUAGE_STANDARD = gnu11;
				GCC_NO_COMMON_BLOCKS = YES;
				GCC_WARN_64_TO_32_BIT_CONVERSION = YES;
				GCC_WARN_ABOUT_RETURN_TYPE = YES_ERROR;
				GCC_WARN_UNDECLARED_SELECTOR = YES;
				GCC_WARN_UNINITIALIZED_AUTOS = YES_AGGRESSIVE;
				GCC_WARN_UNUSED_FUNCTION = YES;
				GCC_WARN_UNUSED_VARIABLE = YES;
				IPHONEOS_DEPLOYMENT_TARGET = 13.6;
				MTL_ENABLE_DEBUG_INFO = NO;
				MTL_FAST_MATH = YES;
				SDKROOT = iphoneos;
				SWIFT_COMPILATION_MODE = wholemodule;
				SWIFT_OPTIMIZATION_LEVEL = "-O";
				VALIDATE_PRODUCT = YES;
			};
			name = Release;
		};
		956F7BED24F15E1800F53862 /* Debug */ = {
			isa = XCBuildConfiguration;
			buildSettings = {
				ASSETCATALOG_COMPILER_APPICON_NAME = AppIcon;
				CODE_SIGN_STYLE = Automatic;
				INFOPLIST_FILE = SaveImageToFile/Info.plist;
				LD_RUNPATH_SEARCH_PATHS = (
					"$(inherited)",
					"@executable_path/Frameworks",
				);
				PRODUCT_BUNDLE_IDENTIFIER = com.test.SaveImageToFile;
				PRODUCT_NAME = "$(TARGET_NAME)";
				SWIFT_VERSION = 5.0;
				TARGETED_DEVICE_FAMILY = "1,2";
			};
			name = Debug;
		};
		956F7BEE24F15E1800F53862 /* Release */ = {
			isa = XCBuildConfiguration;
			buildSettings = {
				ASSETCATALOG_COMPILER_APPICON_NAME = AppIcon;
				CODE_SIGN_STYLE = Automatic;
				INFOPLIST_FILE = SaveImageToFile/Info.plist;
				LD_RUNPATH_SEARCH_PATHS = (
					"$(inherited)",
					"@executable_path/Frameworks",
				);
				PRODUCT_BUNDLE_IDENTIFIER = com.test.SaveImageToFile;
				PRODUCT_NAME = "$(TARGET_NAME)";
				SWIFT_VERSION = 5.0;
				TARGETED_DEVICE_FAMILY = "1,2";
			};
			name = Release;
		};
/* End XCBuildConfiguration section */

/* Begin XCConfigurationList section */
		956F7BD324F15E1700F53862 /* Build configuration list for PBXProject "SaveImageToFile" */ = {
			isa = XCConfigurationList;
			buildConfigurations = (
				956F7BEA24F15E1800F53862 /* Debug */,
				956F7BEB24F15E1800F53862 /* Release */,
			);
			defaultConfigurationIsVisible = 0;
			defaultConfigurationName = Release;
		};
		956F7BEC24F15E1800F53862 /* Build configuration list for PBXNativeTarget "SaveImageToFile" */ = {
			isa = XCConfigurationList;
			buildConfigurations = (
				956F7BED24F15E1800F53862 /* Debug */,
				956F7BEE24F15E1800F53862 /* Release */,
			);
			defaultConfigurationIsVisible = 0;
			defaultConfigurationName = Release;
		};
/* End XCConfigurationList section */
	};
	rootObject = 956F7BD024F15E1700F53862 /* Project object */;
}
